
Microsoft Visual Studio Solution File, Format Version 12.00
# Visual Studio 15
VisualStudioVersion = 15.0.27004.2005
MinimumVisualStudioVersion = 15.0.26124.0
Project("{9A19103F-16F7-4668-BE54-9A1E7A4F7556}") = "Service.Toggle.Windsor", "Service.Toggle.Windsor\Service.Toggle.Windsor.csproj", "{5BCAEEED-747E-4B37-8580-C75365203035}"
EndProject
Project("{9A19103F-16F7-4668-BE54-9A1E7A4F7556}") = "Service.Toggle.Windsor.UnitTest", "Service.Toggle.Windsor.UnitTest\Service.Toggle.Windsor.UnitTest.csproj", "{4830D6AB-ABC7-4311-A5D2-998A63B4FCA0}"
EndProject
Global
	GlobalSection(SolutionConfigurationPlatforms) = preSolution
		Debug|Any CPU = Debug|Any CPU
		Debug|x64 = Debug|x64
		Debug|x86 = Debug|x86
		Release|Any CPU = Release|Any CPU
		Release|x64 = Release|x64
		Release|x86 = Release|x86
	EndGlobalSection
	GlobalSection(ProjectConfigurationPlatforms) = postSolution
		{5BCAEEED-747E-4B37-8580-C75365203035}.Debug|Any CPU.ActiveCfg = Debug|Any CPU
		{5BCAEEED-747E-4B37-8580-C75365203035}.Debug|Any CPU.Build.0 = Debug|Any CPU
		{5BCAEEED-747E-4B37-8580-C75365203035}.Debug|x64.ActiveCfg = Debug|Any CPU
		{5BCAEEED-747E-4B37-8580-C75365203035}.Debug|x64.Build.0 = Debug|Any CPU
		{5BCAEEED-747E-4B37-8580-C75365203035}.Debug|x86.ActiveCfg = Debug|Any CPU
		{5BCAEEED-747E-4B37-8580-C75365203035}.Debug|x86.Build.0 = Debug|Any CPU
		{5BCAEEED-747E-4B37-8580-C75365203035}.Release|Any CPU.ActiveCfg = Release|Any CPU
		{5BCAEEED-747E-4B37-8580-C75365203035}.Release|Any CPU.Build.0 = Release|Any CPU
		{5BCAEEED-747E-4B37-8580-C75365203035}.Release|x64.ActiveCfg = Release|Any CPU
		{5BCAEEED-747E-4B37-8580-C75365203035}.Release|x64.Build.0 = Release|Any CPU
		{5BCAEEED-747E-4B37-8580-C75365203035}.Release|x86.ActiveCfg = Release|Any CPU
		{5BCAEEED-747E-4B37-8580-C75365203035}.Release|x86.Build.0 = Release|Any CPU
		{4830D6AB-ABC7-4311-A5D2-998A63B4FCA0}.Debug|Any CPU.ActiveCfg = Debug|Any CPU
		{4830D6AB-ABC7-4311-A5D2-998A63B4FCA0}.Debug|Any CPU.Build.0 = Debug|Any CPU
		{4830D6AB-ABC7-4311-A5D2-998A63B4FCA0}.Debug|x64.ActiveCfg = Debug|Any CPU
		{4830D6AB-ABC7-4311-A5D2-998A63B4FCA0}.Debug|x64.Build.0 = Debug|Any CPU
		{4830D6AB-ABC7-4311-A5D2-998A63B4FCA0}.Debug|x86.ActiveCfg = Debug|Any CPU
		{4830D6AB-ABC7-4311-A5D2-998A63B4FCA0}.Debug|x86.Build.0 = Debug|Any CPU
		{4830D6AB-ABC7-4311-A5D2-998A63B4FCA0}.Release|Any CPU.ActiveCfg = Release|Any CPU
		{4830D6AB-ABC7-4311-A5D2-998A63B4FCA0}.Release|Any CPU.Build.0 = Release|Any CPU
		{4830D6AB-ABC7-4311-A5D2-998A63B4FCA0}.Release|x64.ActiveCfg = Release|Any CPU
		{4830D6AB-ABC7-4311-A5D2-998A63B4FCA0}.Release|x64.Build.0 = Release|Any CPU
		{4830D6AB-ABC7-4311-A5D2-998A63B4FCA0}.Release|x86.ActiveCfg = Release|Any CPU
		{4830D6AB-ABC7-4311-A5D2-998A63B4FCA0}.Release|x86.Build.0 = Release|Any CPU
	EndGlobalSection
	GlobalSection(SolutionProperties) = preSolution
		HideSolutionNode = FALSE
	EndGlobalSection
	GlobalSection(ExtensibilityGlobals) = postSolution
		SolutionGuid = {7027418C-65FE-4666-A6A6-F67C425D3F55}
	EndGlobalSection
EndGlobal
